
Microsoft Visual Studio Solution File, Format Version 12.00
# Visual Studio Version 16
VisualStudioVersion = 16.0.29613.14
MinimumVisualStudioVersion = 10.0.40219.1
Project("{FAE04EC0-301F-11D3-BF4B-00C04F79EFBC}") = "WebAPILab", "WebAPILab\WebAPILab.csproj", "{4E190B58-E6CD-47BE-9213-17778DF4B0D4}"
EndProject
Global
	GlobalSection(SolutionConfigurationPlatforms) = preSolution
		Debug|Any CPU = Debug|Any CPU
		Release|Any CPU = Release|Any CPU
	EndGlobalSection
	GlobalSection(ProjectConfigurationPlatforms) = postSolution
		{4E190B58-E6CD-47BE-9213-17778DF4B0D4}.Debug|Any CPU.ActiveCfg = Debug|Any CPU
		{4E190B58-E6CD-47BE-9213-17778DF4B0D4}.Debug|Any CPU.Build.0 = Debug|Any CPU
		{4E190B58-E6CD-47BE-9213-17778DF4B0D4}.Release|Any CPU.ActiveCfg = Release|Any CPU
		{4E190B58-E6CD-47BE-9213-17778DF4B0D4}.Release|Any CPU.Build.0 = Release|Any CPU
	EndGlobalSection
	GlobalSection(SolutionProperties) = preSolution
		HideSolutionNode = FALSE
	EndGlobalSection
	GlobalSection(ExtensibilityGlobals) = postSolution
		SolutionGuid = {E041BA66-698A-41EB-AF43-D5DA011ACA31}
	EndGlobalSection
EndGlobal
